
Microsoft Visual Studio Solution File, Format Version 12.00
# Visual Studio Version 17
VisualStudioVersion = 17.11.35303.130
MinimumVisualStudioVersion = 10.0.40219.1
Project("{FAE04EC0-301F-11D3-BF4B-00C04F79EFBC}") = "DeckBuilder", "DeckBuilder.csproj", "{C5A2172F-A0FE-4A17-A198-C4B43B06EA6F}"
EndProject
Global
	GlobalSection(SolutionConfigurationPlatforms) = preSolution
		Debug|Any CPU = Debug|Any CPU
		Release|Any CPU = Release|Any CPU
	EndGlobalSection
	GlobalSection(ProjectConfigurationPlatforms) = postSolution
		{C5A2172F-A0FE-4A17-A198-C4B43B06EA6F}.Debug|Any CPU.ActiveCfg = Debug|Any CPU
		{C5A2172F-A0FE-4A17-A198-C4B43B06EA6F}.Debug|Any CPU.Build.0 = Debug|Any CPU
		{C5A2172F-A0FE-4A17-A198-C4B43B06EA6F}.Release|Any CPU.ActiveCfg = Release|Any CPU
		{C5A2172F-A0FE-4A17-A198-C4B43B06EA6F}.Release|Any CPU.Build.0 = Release|Any CPU
	EndGlobalSection
	GlobalSection(SolutionProperties) = preSolution
		HideSolutionNode = FALSE
	EndGlobalSection
	GlobalSection(ExtensibilityGlobals) = postSolution
		SolutionGuid = {259B462C-4B28-40A3-A9EE-5305F316A639}
	EndGlobalSection
EndGlobal
